
Microsoft Visual Studio Solution File, Format Version 11.00
# Visual Studio 2010
Project("{2150E333-8FDC-42A3-9474-1A3956D46DE8}") = "Solution Items", "Solution Items", "{E07B8941-E59D-42C4-884C-ADBB189A3972}"
	ProjectSection(SolutionItems) = preProject
		KataGasolineras.vsmdi = KataGasolineras.vsmdi
		Local.testsettings = Local.testsettings
		TraceAndTestImpact.testsettings = TraceAndTestImpact.testsettings
	EndProjectSection
EndProject
Project("{FAE04EC0-301F-11D3-BF4B-00C04F79EFBC}") = "KataGasolineras.Test", "KataGasolineras.Test\KataGasolineras.Test.csproj", "{66489525-B512-46AB-BE72-C9336DBB9235}"
EndProject
Project("{FAE04EC0-301F-11D3-BF4B-00C04F79EFBC}") = "KataGasolineras", "KataGasolineras\KataGasolineras.csproj", "{A6032434-F5DB-4D40-9A14-0202FE1C74B6}"
EndProject
Project("{FAE04EC0-301F-11D3-BF4B-00C04F79EFBC}") = "KataGasolineras.Web", "KataGasolineras.Web\KataGasolineras.Web.csproj", "{EEE83F28-76EB-49A8-85D2-55AE42A7C04F}"
EndProject
Global
	GlobalSection(TestCaseManagementSettings) = postSolution
		CategoryFile = KataGasolineras.vsmdi
	EndGlobalSection
	GlobalSection(SolutionConfigurationPlatforms) = preSolution
		Debug|Any CPU = Debug|Any CPU
		Release|Any CPU = Release|Any CPU
	EndGlobalSection
	GlobalSection(ProjectConfigurationPlatforms) = postSolution
		{66489525-B512-46AB-BE72-C9336DBB9235}.Debug|Any CPU.ActiveCfg = Debug|Any CPU
		{66489525-B512-46AB-BE72-C9336DBB9235}.Debug|Any CPU.Build.0 = Debug|Any CPU
		{66489525-B512-46AB-BE72-C9336DBB9235}.Release|Any CPU.ActiveCfg = Release|Any CPU
		{66489525-B512-46AB-BE72-C9336DBB9235}.Release|Any CPU.Build.0 = Release|Any CPU
		{A6032434-F5DB-4D40-9A14-0202FE1C74B6}.Debug|Any CPU.ActiveCfg = Debug|Any CPU
		{A6032434-F5DB-4D40-9A14-0202FE1C74B6}.Debug|Any CPU.Build.0 = Debug|Any CPU
		{A6032434-F5DB-4D40-9A14-0202FE1C74B6}.Release|Any CPU.ActiveCfg = Release|Any CPU
		{A6032434-F5DB-4D40-9A14-0202FE1C74B6}.Release|Any CPU.Build.0 = Release|Any CPU
		{EEE83F28-76EB-49A8-85D2-55AE42A7C04F}.Debug|Any CPU.ActiveCfg = Debug|Any CPU
		{EEE83F28-76EB-49A8-85D2-55AE42A7C04F}.Debug|Any CPU.Build.0 = Debug|Any CPU
		{EEE83F28-76EB-49A8-85D2-55AE42A7C04F}.Release|Any CPU.ActiveCfg = Release|Any CPU
		{EEE83F28-76EB-49A8-85D2-55AE42A7C04F}.Release|Any CPU.Build.0 = Release|Any CPU
	EndGlobalSection
	GlobalSection(SolutionProperties) = preSolution
		HideSolutionNode = FALSE
	EndGlobalSection
EndGlobal
